
Microsoft Visual Studio Solution File, Format Version 12.00
# Visual Studio Version 16
VisualStudioVersion = 16.0.30128.36
MinimumVisualStudioVersion = 10.0.40219.1
Project("{9A19103F-16F7-4668-BE54-9A1E7A4F7556}") = "Standprof.QA.Tests.UI.Demo", "Standprof.QA.Tests.UI.Demo\Standprof.QA.Tests.UI.Demo.csproj", "{F64C63C7-9EFA-41B3-B787-4DF1E7F23247}"
EndProject
Global
	GlobalSection(SolutionConfigurationPlatforms) = preSolution
		Debug|Any CPU = Debug|Any CPU
		Release|Any CPU = Release|Any CPU
	EndGlobalSection
	GlobalSection(ProjectConfigurationPlatforms) = postSolution
		{F64C63C7-9EFA-41B3-B787-4DF1E7F23247}.Debug|Any CPU.ActiveCfg = Debug|Any CPU
		{F64C63C7-9EFA-41B3-B787-4DF1E7F23247}.Debug|Any CPU.Build.0 = Debug|Any CPU
		{F64C63C7-9EFA-41B3-B787-4DF1E7F23247}.Release|Any CPU.ActiveCfg = Release|Any CPU
		{F64C63C7-9EFA-41B3-B787-4DF1E7F23247}.Release|Any CPU.Build.0 = Release|Any CPU
	EndGlobalSection
	GlobalSection(SolutionProperties) = preSolution
		HideSolutionNode = FALSE
	EndGlobalSection
	GlobalSection(ExtensibilityGlobals) = postSolution
		SolutionGuid = {2F1090B3-B1B1-4AED-A70E-1E81F4472433}
	EndGlobalSection
EndGlobal
